
Microsoft Visual Studio Solution File, Format Version 12.00
# Visual Studio Version 17
VisualStudioVersion = 17.11.35208.52
MinimumVisualStudioVersion = 10.0.40219.1
Project("{FAE04EC0-301F-11D3-BF4B-00C04F79EFBC}") = "1", "ПЗ-13\1.csproj", "{837DB16F-0C97-4B82-9293-75448C749813}"
EndProject
Project("{FAE04EC0-301F-11D3-BF4B-00C04F79EFBC}") = "2", "2\2.csproj", "{505B60A0-274B-45FE-955E-22AA1A8674A3}"
EndProject
Project("{FAE04EC0-301F-11D3-BF4B-00C04F79EFBC}") = "3", "3\3.csproj", "{752245A6-D162-4A04-ACFA-214820B66179}"
EndProject
Global
	GlobalSection(SolutionConfigurationPlatforms) = preSolution
		Debug|Any CPU = Debug|Any CPU
		Release|Any CPU = Release|Any CPU
	EndGlobalSection
	GlobalSection(ProjectConfigurationPlatforms) = postSolution
		{837DB16F-0C97-4B82-9293-75448C749813}.Debug|Any CPU.ActiveCfg = Debug|Any CPU
		{837DB16F-0C97-4B82-9293-75448C749813}.Debug|Any CPU.Build.0 = Debug|Any CPU
		{837DB16F-0C97-4B82-9293-75448C749813}.Release|Any CPU.ActiveCfg = Release|Any CPU
		{837DB16F-0C97-4B82-9293-75448C749813}.Release|Any CPU.Build.0 = Release|Any CPU
		{505B60A0-274B-45FE-955E-22AA1A8674A3}.Debug|Any CPU.ActiveCfg = Debug|Any CPU
		{505B60A0-274B-45FE-955E-22AA1A8674A3}.Debug|Any CPU.Build.0 = Debug|Any CPU
		{505B60A0-274B-45FE-955E-22AA1A8674A3}.Release|Any CPU.ActiveCfg = Release|Any CPU
		{505B60A0-274B-45FE-955E-22AA1A8674A3}.Release|Any CPU.Build.0 = Release|Any CPU
		{752245A6-D162-4A04-ACFA-214820B66179}.Debug|Any CPU.ActiveCfg = Debug|Any CPU
		{752245A6-D162-4A04-ACFA-214820B66179}.Debug|Any CPU.Build.0 = Debug|Any CPU
		{752245A6-D162-4A04-ACFA-214820B66179}.Release|Any CPU.ActiveCfg = Release|Any CPU
		{752245A6-D162-4A04-ACFA-214820B66179}.Release|Any CPU.Build.0 = Release|Any CPU
	EndGlobalSection
	GlobalSection(SolutionProperties) = preSolution
		HideSolutionNode = FALSE
	EndGlobalSection
	GlobalSection(ExtensibilityGlobals) = postSolution
		SolutionGuid = {43657D05-216E-4B23-BBFC-A5C55BEF6499}
	EndGlobalSection
EndGlobal
