
Microsoft Visual Studio Solution File, Format Version 12.00
# Visual Studio Version 17
VisualStudioVersion = 17.11.35208.52
MinimumVisualStudioVersion = 10.0.40219.1
Project("{FAE04EC0-301F-11D3-BF4B-00C04F79EFBC}") = "БодыреваПЗ14", "БодыреваПЗ14\БодыреваПЗ14.csproj", "{23CCB04D-96D5-4976-A586-75FE0B8AFA9A}"
EndProject
Global
	GlobalSection(SolutionConfigurationPlatforms) = preSolution
		Debug|Any CPU = Debug|Any CPU
		Release|Any CPU = Release|Any CPU
	EndGlobalSection
	GlobalSection(ProjectConfigurationPlatforms) = postSolution
		{23CCB04D-96D5-4976-A586-75FE0B8AFA9A}.Debug|Any CPU.ActiveCfg = Debug|Any CPU
		{23CCB04D-96D5-4976-A586-75FE0B8AFA9A}.Debug|Any CPU.Build.0 = Debug|Any CPU
		{23CCB04D-96D5-4976-A586-75FE0B8AFA9A}.Release|Any CPU.ActiveCfg = Release|Any CPU
		{23CCB04D-96D5-4976-A586-75FE0B8AFA9A}.Release|Any CPU.Build.0 = Release|Any CPU
	EndGlobalSection
	GlobalSection(SolutionProperties) = preSolution
		HideSolutionNode = FALSE
	EndGlobalSection
	GlobalSection(ExtensibilityGlobals) = postSolution
		SolutionGuid = {C8B51D90-3940-42E3-91AC-AD2FCB796A3E}
	EndGlobalSection
EndGlobal
